<?xml version="1.0" encoding="utf-8"?>
<Project ToolsVersion="4.0" xmlns="http://schemas.microsoft.com/developer/msbuild/2003">
  <ItemGroup>
    <Filter Include="源文件">
      <UniqueIdentifier>{4FC737F1-C7A5-4376-A066-2A32D752A2FF}</UniqueIdentifier>
      <Extensions>cpp;c;cc;cxx;c++;cppm;ixx;def;odl;idl;hpj;bat;asm;asmx</Extensions>
    </Filter>
    <Filter Include="头文件">
      <UniqueIdentifier>{93995380-89BD-4b04-88EB-625FBE52EBFB}</UniqueIdentifier>
      <Extensions>h;hh;hpp;hxx;h++;hm;inl;inc;ipp;xsd</Extensions>
    </Filter>
    <Filter Include="资源文件">
      <UniqueIdentifier>{67DA6AB6-F800-4c08-8B7A-83BB121AAD01}</UniqueIdentifier>
      <Extensions>rc;ico;cur;bmp;dlg;rc2;rct;bin;rgs;gif;jpg;jpeg;jpe;resx;tiff;tif;png;wav;mfcribbon-ms</Extensions>
    </Filter>
  </ItemGroup>
  <ItemGroup>
    <ClInclude Include="Goofish.h">
      <Filter>头文件</Filter>
    </ClInclude>
    <ClInclude Include="GoofishDlg.h">
      <Filter>头文件</Filter>
    </ClInclude>
    <ClInclude Include="framework.h">
      <Filter>头文件</Filter>
    </ClInclude>
    <ClInclude Include="targetver.h">
      <Filter>头文件</Filter>
    </ClInclude>
    <ClInclude Include="Resource.h">
      <Filter>头文件</Filter>
    </ClInclude>
    <ClInclude Include="Helper\JFramework.h">
      <Filter>头文件</Filter>
    </ClInclude>
    <ClInclude Include="GoofishArchitecture.h">
      <Filter>头文件</Filter>
    </ClInclude>
    <ClInclude Include="System\WebsocketClientSystem.h">
      <Filter>头文件</Filter>
    </ClInclude>
    <ClInclude Include="Helper\WebsocketEvents.h">
      <Filter>头文件</Filter>
    </ClInclude>
    <ClInclude Include="Helper\ProcessHelper.h">
      <Filter>头文件</Filter>
    </ClInclude>
    <ClInclude Include="Helper\Logger.h">
      <Filter>头文件</Filter>
    </ClInclude>
    <ClInclude Include="Helper\WebsocketClient.h">
      <Filter>头文件</Filter>
    </ClInclude>
    <ClInclude Include="TabPages\AccountPage.h">
      <Filter>头文件</Filter>
    </ClInclude>
    <ClInclude Include="TabPages\AutoDeliverPage.h">
      <Filter>头文件</Filter>
    </ClInclude>
    <ClInclude Include="TabPages\AutoReplyPage.h">
      <Filter>头文件</Filter>
    </ClInclude>
    <ClInclude Include="TabPages\CouponPage.h">
      <Filter>头文件</Filter>
    </ClInclude>
    <ClInclude Include="TabPages\DashboardPage.h">
      <Filter>头文件</Filter>
    </ClInclude>
    <ClInclude Include="TabPages\MessageNotifyPage.h">
      <Filter>头文件</Filter>
    </ClInclude>
    <ClInclude Include="TabPages\NotifyChannelPage.h">
      <Filter>头文件</Filter>
    </ClInclude>
    <ClInclude Include="TabPages\OrderPage.h">
      <Filter>头文件</Filter>
    </ClInclude>
    <ClInclude Include="TabPages\ProductPage.h">
      <Filter>头文件</Filter>
    </ClInclude>
    <ClInclude Include="TabPages\ProductSearchPage.h">
      <Filter>头文件</Filter>
    </ClInclude>
    <ClInclude Include="TabPages\RiskControlLogPage.h">
      <Filter>头文件</Filter>
    </ClInclude>
    <ClInclude Include="TabPages\SpecificProductReplyPage.h">
      <Filter>头文件</Filter>
    </ClInclude>
    <ClInclude Include="TabPages\SystemLogPage.h">
      <Filter>头文件</Filter>
    </ClInclude>
    <ClInclude Include="TabPages\SystemSettingPage.h">
      <Filter>头文件</Filter>
    </ClInclude>
    <ClInclude Include="TabPages\TabPageBase.h">
      <Filter>头文件</Filter>
    </ClInclude>
    <ClInclude Include="TabPages\TabControlEx.h">
      <Filter>头文件</Filter>
    </ClInclude>
    <ClInclude Include="Helper\Utils.h">
      <Filter>头文件</Filter>
    </ClInclude>
  </ItemGroup>
  <ItemGroup>
    <ClCompile Include="Goofish.cpp">
      <Filter>源文件</Filter>
    </ClCompile>
    <ClCompile Include="GoofishDlg.cpp">
      <Filter>源文件</Filter>
    </ClCompile>
    <ClCompile Include="GoofishArchitecture.cpp">
      <Filter>源文件</Filter>
    </ClCompile>
    <ClCompile Include="System\WebsocketClientSystem.cpp">
      <Filter>源文件</Filter>
    </ClCompile>
    <ClCompile Include="Helper\Logger.cpp">
      <Filter>源文件</Filter>
    </ClCompile>
    <ClCompile Include="Helper\WebsocketClient.cpp">
      <Filter>源文件</Filter>
    </ClCompile>
    <ClCompile Include="TabPages\AccountPage.cpp">
      <Filter>源文件</Filter>
    </ClCompile>
    <ClCompile Include="TabPages\AutoDeliverPage.cpp">
      <Filter>源文件</Filter>
    </ClCompile>
    <ClCompile Include="TabPages\AutoReplyPage.cpp">
      <Filter>源文件</Filter>
    </ClCompile>
    <ClCompile Include="TabPages\CouponPage.cpp">
      <Filter>源文件</Filter>
    </ClCompile>
    <ClCompile Include="TabPages\DashboardPage.cpp">
      <Filter>源文件</Filter>
    </ClCompile>
    <ClCompile Include="TabPages\MessageNotifyPage.cpp">
      <Filter>源文件</Filter>
    </ClCompile>
    <ClCompile Include="TabPages\NotifyChannelPage.cpp">
      <Filter>源文件</Filter>
    </ClCompile>
    <ClCompile Include="TabPages\OrderPage.cpp">
      <Filter>源文件</Filter>
    </ClCompile>
    <ClCompile Include="TabPages\ProductPage.cpp">
      <Filter>源文件</Filter>
    </ClCompile>
    <ClCompile Include="TabPages\ProductSearchPage.cpp">
      <Filter>源文件</Filter>
    </ClCompile>
    <ClCompile Include="TabPages\RiskControlLogPage.cpp">
      <Filter>源文件</Filter>
    </ClCompile>
    <ClCompile Include="TabPages\SpecificProductReplyPage.cpp">
      <Filter>源文件</Filter>
    </ClCompile>
    <ClCompile Include="TabPages\SystemLogPage.cpp">
      <Filter>源文件</Filter>
    </ClCompile>
    <ClCompile Include="TabPages\SystemSettingPage.cpp">
      <Filter>源文件</Filter>
    </ClCompile>
    <ClCompile Include="TabPages\TabPageBase.cpp">
      <Filter>源文件</Filter>
    </ClCompile>
    <ClCompile Include="TabPages\TabControlEx.cpp">
      <Filter>源文件</Filter>
    </ClCompile>
  </ItemGroup>
  <ItemGroup>
    <ResourceCompile Include="Goofish.rc">
      <Filter>资源文件</Filter>
    </ResourceCompile>
  </ItemGroup>
  <ItemGroup>
    <None Include="res\Goofish.rc2">
      <Filter>资源文件</Filter>
    </None>
  </ItemGroup>
  <ItemGroup>
    <Image Include="res\Goofish.ico">
      <Filter>资源文件</Filter>
    </Image>
  </ItemGroup>
</Project>